
Microsoft Visual Studio Solution File, Format Version 12.00
# Visual Studio Version 17
VisualStudioVersion = 17.5.33502.453
MinimumVisualStudioVersion = 10.0.40219.1
Project("{FAE04EC0-301F-11D3-BF4B-00C04F79EFBC}") = "FizzBuzzWeb", "FizzBuzzWeb\FizzBuzzWeb.csproj", "{91D4F4D4-A7F1-489A-8301-910EBAC5BBB8}"
EndProject
Global
	GlobalSection(SolutionConfigurationPlatforms) = preSolution
		Debug|Any CPU = Debug|Any CPU
		Release|Any CPU = Release|Any CPU
	EndGlobalSection
	GlobalSection(ProjectConfigurationPlatforms) = postSolution
		{91D4F4D4-A7F1-489A-8301-910EBAC5BBB8}.Debug|Any CPU.ActiveCfg = Debug|Any CPU
		{91D4F4D4-A7F1-489A-8301-910EBAC5BBB8}.Debug|Any CPU.Build.0 = Debug|Any CPU
		{91D4F4D4-A7F1-489A-8301-910EBAC5BBB8}.Release|Any CPU.ActiveCfg = Release|Any CPU
		{91D4F4D4-A7F1-489A-8301-910EBAC5BBB8}.Release|Any CPU.Build.0 = Release|Any CPU
	EndGlobalSection
	GlobalSection(SolutionProperties) = preSolution
		HideSolutionNode = FALSE
	EndGlobalSection
	GlobalSection(ExtensibilityGlobals) = postSolution
		SolutionGuid = {28CC6CEA-DC92-4005-A2A9-BEE028AF5B37}
	EndGlobalSection
EndGlobal
